
Microsoft Visual Studio Solution File, Format Version 12.00
# Visual Studio Version 17
VisualStudioVersion = 17.0.31903.59
MinimumVisualStudioVersion = 10.0.40219.1
Project("{2150E333-8FDC-42A3-9474-1A3956D46DE8}") = "src", "src", "{827E0CD3-B72D-47B6-A68D-7590B98EB39B}"
EndProject
Project("{FAE04EC0-301F-11D3-BF4B-00C04F79EFBC}") = "DEADSKY.Core", "src\DEADSKY.Core\DEADSKY.Core.csproj", "{56CA330B-B3E6-4991-BE35-2908DCC293B9}"
EndProject
Project("{FAE04EC0-301F-11D3-BF4B-00C04F79EFBC}") = "DEADSKY.AI", "src\DEADSKY.AI\DEADSKY.AI.csproj", "{AFD41515-0FD1-40D4-8E56-07436658C017}"
EndProject
Project("{FAE04EC0-301F-11D3-BF4B-00C04F79EFBC}") = "DEADSKY.Audio", "src\DEADSKY.Audio\DEADSKY.Audio.csproj", "{67168EBD-9FBA-4044-A0F7-DC0CABA6B05E}"
EndProject
Project("{FAE04EC0-301F-11D3-BF4B-00C04F79EFBC}") = "DEADSKY.App", "src\DEADSKY.App\DEADSKY.App.csproj", "{0C4E7709-74CE-41A8-9B68-75BC0D8BC1EB}"
EndProject
Project("{2150E333-8FDC-42A3-9474-1A3956D46DE8}") = "tests", "tests", "{0AB3BF05-4346-4AA6-1389-037BE0695223}"
EndProject
Project("{FAE04EC0-301F-11D3-BF4B-00C04F79EFBC}") = "DEADSKY.Backend.Tests", "tests\DEADSKY.Backend.Tests\DEADSKY.Backend.Tests.csproj", "{7C54C7F4-C3CA-4FAC-ACEE-4B05A25582DD}"
EndProject
Global
	GlobalSection(SolutionConfigurationPlatforms) = preSolution
		Debug|Any CPU = Debug|Any CPU
		Debug|x64 = Debug|x64
		Debug|x86 = Debug|x86
		Release|Any CPU = Release|Any CPU
		Release|x64 = Release|x64
		Release|x86 = Release|x86
	EndGlobalSection
	GlobalSection(ProjectConfigurationPlatforms) = postSolution
		{56CA330B-B3E6-4991-BE35-2908DCC293B9}.Debug|Any CPU.ActiveCfg = Debug|Any CPU
		{56CA330B-B3E6-4991-BE35-2908DCC293B9}.Debug|Any CPU.Build.0 = Debug|Any CPU
		{56CA330B-B3E6-4991-BE35-2908DCC293B9}.Debug|x64.ActiveCfg = Debug|Any CPU
		{56CA330B-B3E6-4991-BE35-2908DCC293B9}.Debug|x64.Build.0 = Debug|Any CPU
		{56CA330B-B3E6-4991-BE35-2908DCC293B9}.Debug|x86.ActiveCfg = Debug|Any CPU
		{56CA330B-B3E6-4991-BE35-2908DCC293B9}.Debug|x86.Build.0 = Debug|Any CPU
		{56CA330B-B3E6-4991-BE35-2908DCC293B9}.Release|Any CPU.ActiveCfg = Release|Any CPU
		{56CA330B-B3E6-4991-BE35-2908DCC293B9}.Release|Any CPU.Build.0 = Release|Any CPU
		{56CA330B-B3E6-4991-BE35-2908DCC293B9}.Release|x64.ActiveCfg = Release|Any CPU
		{56CA330B-B3E6-4991-BE35-2908DCC293B9}.Release|x64.Build.0 = Release|Any CPU
		{56CA330B-B3E6-4991-BE35-2908DCC293B9}.Release|x86.ActiveCfg = Release|Any CPU
		{56CA330B-B3E6-4991-BE35-2908DCC293B9}.Release|x86.Build.0 = Release|Any CPU
		{AFD41515-0FD1-40D4-8E56-07436658C017}.Debug|Any CPU.ActiveCfg = Debug|Any CPU
		{AFD41515-0FD1-40D4-8E56-07436658C017}.Debug|Any CPU.Build.0 = Debug|Any CPU
		{AFD41515-0FD1-40D4-8E56-07436658C017}.Debug|x64.ActiveCfg = Debug|Any CPU
		{AFD41515-0FD1-40D4-8E56-07436658C017}.Debug|x64.Build.0 = Debug|Any CPU
		{AFD41515-0FD1-40D4-8E56-07436658C017}.Debug|x86.ActiveCfg = Debug|Any CPU
		{AFD41515-0FD1-40D4-8E56-07436658C017}.Debug|x86.Build.0 = Debug|Any CPU
		{AFD41515-0FD1-40D4-8E56-07436658C017}.Release|Any CPU.ActiveCfg = Release|Any CPU
		{AFD41515-0FD1-40D4-8E56-07436658C017}.Release|Any CPU.Build.0 = Release|Any CPU
		{AFD41515-0FD1-40D4-8E56-07436658C017}.Release|x64.ActiveCfg = Release|Any CPU
		{AFD41515-0FD1-40D4-8E56-07436658C017}.Release|x64.Build.0 = Release|Any CPU
		{AFD41515-0FD1-40D4-8E56-07436658C017}.Release|x86.ActiveCfg = Release|Any CPU
		{AFD41515-0FD1-40D4-8E56-07436658C017}.Release|x86.Build.0 = Release|Any CPU
		{67168EBD-9FBA-4044-A0F7-DC0CABA6B05E}.Debug|Any CPU.ActiveCfg = Debug|Any CPU
		{67168EBD-9FBA-4044-A0F7-DC0CABA6B05E}.Debug|Any CPU.Build.0 = Debug|Any CPU
		{67168EBD-9FBA-4044-A0F7-DC0CABA6B05E}.Debug|x64.ActiveCfg = Debug|Any CPU
		{67168EBD-9FBA-4044-A0F7-DC0CABA6B05E}.Debug|x64.Build.0 = Debug|Any CPU
		{67168EBD-9FBA-4044-A0F7-DC0CABA6B05E}.Debug|x86.ActiveCfg = Debug|Any CPU
		{67168EBD-9FBA-4044-A0F7-DC0CABA6B05E}.Debug|x86.Build.0 = Debug|Any CPU
		{67168EBD-9FBA-4044-A0F7-DC0CABA6B05E}.Release|Any CPU.ActiveCfg = Release|Any CPU
		{67168EBD-9FBA-4044-A0F7-DC0CABA6B05E}.Release|Any CPU.Build.0 = Release|Any CPU
		{67168EBD-9FBA-4044-A0F7-DC0CABA6B05E}.Release|x64.ActiveCfg = Release|Any CPU
		{67168EBD-9FBA-4044-A0F7-DC0CABA6B05E}.Release|x64.Build.0 = Release|Any CPU
		{67168EBD-9FBA-4044-A0F7-DC0CABA6B05E}.Release|x86.ActiveCfg = Release|Any CPU
		{67168EBD-9FBA-4044-A0F7-DC0CABA6B05E}.Release|x86.Build.0 = Release|Any CPU
		{0C4E7709-74CE-41A8-9B68-75BC0D8BC1EB}.Debug|Any CPU.ActiveCfg = Debug|Any CPU
		{0C4E7709-74CE-41A8-9B68-75BC0D8BC1EB}.Debug|Any CPU.Build.0 = Debug|Any CPU
		{0C4E7709-74CE-41A8-9B68-75BC0D8BC1EB}.Debug|x64.ActiveCfg = Debug|Any CPU
		{0C4E7709-74CE-41A8-9B68-75BC0D8BC1EB}.Debug|x64.Build.0 = Debug|Any CPU
		{0C4E7709-74CE-41A8-9B68-75BC0D8BC1EB}.Debug|x86.ActiveCfg = Debug|Any CPU
		{0C4E7709-74CE-41A8-9B68-75BC0D8BC1EB}.Debug|x86.Build.0 = Debug|Any CPU
		{0C4E7709-74CE-41A8-9B68-75BC0D8BC1EB}.Release|Any CPU.ActiveCfg = Release|Any CPU
		{0C4E7709-74CE-41A8-9B68-75BC0D8BC1EB}.Release|Any CPU.Build.0 = Release|Any CPU
		{0C4E7709-74CE-41A8-9B68-75BC0D8BC1EB}.Release|x64.ActiveCfg = Release|Any CPU
		{0C4E7709-74CE-41A8-9B68-75BC0D8BC1EB}.Release|x64.Build.0 = Release|Any CPU
		{0C4E7709-74CE-41A8-9B68-75BC0D8BC1EB}.Release|x86.ActiveCfg = Release|Any CPU
		{0C4E7709-74CE-41A8-9B68-75BC0D8BC1EB}.Release|x86.Build.0 = Release|Any CPU
		{7C54C7F4-C3CA-4FAC-ACEE-4B05A25582DD}.Debug|Any CPU.ActiveCfg = Debug|Any CPU
		{7C54C7F4-C3CA-4FAC-ACEE-4B05A25582DD}.Debug|Any CPU.Build.0 = Debug|Any CPU
		{7C54C7F4-C3CA-4FAC-ACEE-4B05A25582DD}.Debug|x64.ActiveCfg = Debug|Any CPU
		{7C54C7F4-C3CA-4FAC-ACEE-4B05A25582DD}.Debug|x64.Build.0 = Debug|Any CPU
		{7C54C7F4-C3CA-4FAC-ACEE-4B05A25582DD}.Debug|x86.ActiveCfg = Debug|Any CPU
		{7C54C7F4-C3CA-4FAC-ACEE-4B05A25582DD}.Debug|x86.Build.0 = Debug|Any CPU
		{7C54C7F4-C3CA-4FAC-ACEE-4B05A25582DD}.Release|Any CPU.ActiveCfg = Release|Any CPU
		{7C54C7F4-C3CA-4FAC-ACEE-4B05A25582DD}.Release|Any CPU.Build.0 = Release|Any CPU
		{7C54C7F4-C3CA-4FAC-ACEE-4B05A25582DD}.Release|x64.ActiveCfg = Release|Any CPU
		{7C54C7F4-C3CA-4FAC-ACEE-4B05A25582DD}.Release|x64.Build.0 = Release|Any CPU
		{7C54C7F4-C3CA-4FAC-ACEE-4B05A25582DD}.Release|x86.ActiveCfg = Release|Any CPU
		{7C54C7F4-C3CA-4FAC-ACEE-4B05A25582DD}.Release|x86.Build.0 = Release|Any CPU
	EndGlobalSection
	GlobalSection(SolutionProperties) = preSolution
		HideSolutionNode = FALSE
	EndGlobalSection
	GlobalSection(NestedProjects) = preSolution
		{56CA330B-B3E6-4991-BE35-2908DCC293B9} = {827E0CD3-B72D-47B6-A68D-7590B98EB39B}
		{AFD41515-0FD1-40D4-8E56-07436658C017} = {827E0CD3-B72D-47B6-A68D-7590B98EB39B}
		{67168EBD-9FBA-4044-A0F7-DC0CABA6B05E} = {827E0CD3-B72D-47B6-A68D-7590B98EB39B}
		{0C4E7709-74CE-41A8-9B68-75BC0D8BC1EB} = {827E0CD3-B72D-47B6-A68D-7590B98EB39B}
		{7C54C7F4-C3CA-4FAC-ACEE-4B05A25582DD} = {0AB3BF05-4346-4AA6-1389-037BE0695223}
	EndGlobalSection
EndGlobal
