
Microsoft Visual Studio Solution File, Format Version 12.00
# Visual Studio Version 17
VisualStudioVersion = 17.0.31903.59
MinimumVisualStudioVersion = 10.0.40219.1
Project("{2150E333-8FDC-42A3-9474-1A3956D46DE8}") = "Core", "Core", "{FBF56CC3-7AE6-AD2D-3F14-7F97FD322CD6}"
EndProject
Project("{FAE04EC0-301F-11D3-BF4B-00C04F79EFBC}") = "DEADSKY.Core", "Core\DEADSKY.Core.csproj", "{DA677745-91B0-4992-B7AB-230E2FB31ACD}"
EndProject
Project("{FAE04EC0-301F-11D3-BF4B-00C04F79EFBC}") = "DEADSKY.App", "App\DEADSKY.App.csproj", "{C5426C97-B6AC-4926-8D5A-2FE6D1918202}"
EndProject
Project("{2150E333-8FDC-42A3-9474-1A3956D46DE8}") = "AI", "AI", "{BA58FF10-E1F2-1F22-EED5-4647CFF8BF60}"
EndProject
Project("{FAE04EC0-301F-11D3-BF4B-00C04F79EFBC}") = "DEADSKY.AI", "AI\DEADSKY.AI.csproj", "{8091DFC1-061F-4FE4-8690-272BDB35C955}"
EndProject
Global
	GlobalSection(SolutionConfigurationPlatforms) = preSolution
		Debug|Any CPU = Debug|Any CPU
		Debug|x64 = Debug|x64
		Debug|x86 = Debug|x86
		Release|Any CPU = Release|Any CPU
		Release|x64 = Release|x64
		Release|x86 = Release|x86
	EndGlobalSection
	GlobalSection(ProjectConfigurationPlatforms) = postSolution
		{DA677745-91B0-4992-B7AB-230E2FB31ACD}.Debug|Any CPU.ActiveCfg = Debug|Any CPU
		{DA677745-91B0-4992-B7AB-230E2FB31ACD}.Debug|Any CPU.Build.0 = Debug|Any CPU
		{DA677745-91B0-4992-B7AB-230E2FB31ACD}.Debug|x64.ActiveCfg = Debug|Any CPU
		{DA677745-91B0-4992-B7AB-230E2FB31ACD}.Debug|x64.Build.0 = Debug|Any CPU
		{DA677745-91B0-4992-B7AB-230E2FB31ACD}.Debug|x86.ActiveCfg = Debug|Any CPU
		{DA677745-91B0-4992-B7AB-230E2FB31ACD}.Debug|x86.Build.0 = Debug|Any CPU
		{DA677745-91B0-4992-B7AB-230E2FB31ACD}.Release|Any CPU.ActiveCfg = Release|Any CPU
		{DA677745-91B0-4992-B7AB-230E2FB31ACD}.Release|Any CPU.Build.0 = Release|Any CPU
		{DA677745-91B0-4992-B7AB-230E2FB31ACD}.Release|x64.ActiveCfg = Release|Any CPU
		{DA677745-91B0-4992-B7AB-230E2FB31ACD}.Release|x64.Build.0 = Release|Any CPU
		{DA677745-91B0-4992-B7AB-230E2FB31ACD}.Release|x86.ActiveCfg = Release|Any CPU
		{DA677745-91B0-4992-B7AB-230E2FB31ACD}.Release|x86.Build.0 = Release|Any CPU
		{C5426C97-B6AC-4926-8D5A-2FE6D1918202}.Debug|Any CPU.ActiveCfg = Debug|Any CPU
		{C5426C97-B6AC-4926-8D5A-2FE6D1918202}.Debug|Any CPU.Build.0 = Debug|Any CPU
		{C5426C97-B6AC-4926-8D5A-2FE6D1918202}.Debug|x64.ActiveCfg = Debug|Any CPU
		{C5426C97-B6AC-4926-8D5A-2FE6D1918202}.Debug|x64.Build.0 = Debug|Any CPU
		{C5426C97-B6AC-4926-8D5A-2FE6D1918202}.Debug|x86.ActiveCfg = Debug|Any CPU
		{C5426C97-B6AC-4926-8D5A-2FE6D1918202}.Debug|x86.Build.0 = Debug|Any CPU
		{C5426C97-B6AC-4926-8D5A-2FE6D1918202}.Release|Any CPU.ActiveCfg = Release|Any CPU
		{C5426C97-B6AC-4926-8D5A-2FE6D1918202}.Release|Any CPU.Build.0 = Release|Any CPU
		{C5426C97-B6AC-4926-8D5A-2FE6D1918202}.Release|x64.ActiveCfg = Release|Any CPU
		{C5426C97-B6AC-4926-8D5A-2FE6D1918202}.Release|x64.Build.0 = Release|Any CPU
		{C5426C97-B6AC-4926-8D5A-2FE6D1918202}.Release|x86.ActiveCfg = Release|Any CPU
		{C5426C97-B6AC-4926-8D5A-2FE6D1918202}.Release|x86.Build.0 = Release|Any CPU
		{8091DFC1-061F-4FE4-8690-272BDB35C955}.Debug|Any CPU.ActiveCfg = Debug|Any CPU
		{8091DFC1-061F-4FE4-8690-272BDB35C955}.Debug|Any CPU.Build.0 = Debug|Any CPU
		{8091DFC1-061F-4FE4-8690-272BDB35C955}.Debug|x64.ActiveCfg = Debug|Any CPU
		{8091DFC1-061F-4FE4-8690-272BDB35C955}.Debug|x64.Build.0 = Debug|Any CPU
		{8091DFC1-061F-4FE4-8690-272BDB35C955}.Debug|x86.ActiveCfg = Debug|Any CPU
		{8091DFC1-061F-4FE4-8690-272BDB35C955}.Debug|x86.Build.0 = Debug|Any CPU
		{8091DFC1-061F-4FE4-8690-272BDB35C955}.Release|Any CPU.ActiveCfg = Release|Any CPU
		{8091DFC1-061F-4FE4-8690-272BDB35C955}.Release|Any CPU.Build.0 = Release|Any CPU
		{8091DFC1-061F-4FE4-8690-272BDB35C955}.Release|x64.ActiveCfg = Release|Any CPU
		{8091DFC1-061F-4FE4-8690-272BDB35C955}.Release|x64.Build.0 = Release|Any CPU
		{8091DFC1-061F-4FE4-8690-272BDB35C955}.Release|x86.ActiveCfg = Release|Any CPU
		{8091DFC1-061F-4FE4-8690-272BDB35C955}.Release|x86.Build.0 = Release|Any CPU
	EndGlobalSection
	GlobalSection(SolutionProperties) = preSolution
		HideSolutionNode = FALSE
	EndGlobalSection
	GlobalSection(NestedProjects) = preSolution
		{DA677745-91B0-4992-B7AB-230E2FB31ACD} = {FBF56CC3-7AE6-AD2D-3F14-7F97FD322CD6}
		{C5426C97-B6AC-4926-8D5A-2FE6D1918202} = {FBF56CC3-7AE6-AD2D-3F14-7F97FD322CD6}
		{8091DFC1-061F-4FE4-8690-272BDB35C955} = {BA58FF10-E1F2-1F22-EED5-4647CFF8BF60}
	EndGlobalSection
EndGlobal
